{
  "requires": true,
  "lockfileVersion": 1,
  "dependencies": {
    "@braintree/asset-loader": {
      "version": "0.2.1",
      "resolved": "https://registry.npmjs.org/@braintree/asset-loader/-/asset-loader-0.2.1.tgz",
      "integrity": "sha512-KNzByHqcZKHm6lss1dGCbLs9K4XrmLqn5YNdL0e7g7A0dzUU4mhXmZF+7rLAqX+XP9gE6nSaf7xh+TBj7oo24w==",
      "requires": {
        "promise-polyfill": "^8.1.0"
      }
    },
    "@braintree/browser-detection": {
      "version": "1.7.0",
      "resolved": "https://registry.npmjs.org/@braintree/browser-detection/-/browser-detection-1.7.0.tgz",
      "integrity": "sha1-iVumS3AMPzbKtcVFkcr3GkEXHdg="
    },
    "@braintree/class-list": {
      "version": "0.1.0",
      "resolved": "https://registry.npmjs.org/@braintree/class-list/-/class-list-0.1.0.tgz",
      "integrity": "sha512-AmXPsYhiNJKcxuwkgQjwyyTwFCeRlyFTeUJ9ecV/jLxS8ZH8fCAB4enYgArMRyvCekZZkqLK54kOJ6+OJBzJwA=="
    },
    "@braintree/iframer": {
      "version": "1.0.3",
      "resolved": "https://registry.npmjs.org/@braintree/iframer/-/iframer-1.0.3.tgz",
      "integrity": "sha1-Id0f1M69QVSuqx76TVsNX0OENk4="
    },
    "@braintree/sanitize-url": {
      "version": "3.0.0",
      "resolved": "https://registry.npmjs.org/@braintree/sanitize-url/-/sanitize-url-3.0.0.tgz",
      "integrity": "sha512-ymeXC1qObTag/hhEG7BoTMdIzuhKekTxNJTIfiVXsoP1fUXHKBpr0EfCsSA06BuP5gxTPs2vDKjtmYbgvEfY+g=="
    },
    "@braintree/wrap-promise": {
      "version": "1.1.1",
      "resolved": "https://registry.npmjs.org/@braintree/wrap-promise/-/wrap-promise-1.1.1.tgz",
      "integrity": "sha1-0ix2hV5tS0ASYQBgQh+uGjfskLA="
    },
    "angular": {
      "version": "1.7.6",
      "resolved": "https://registry.npmjs.org/angular/-/angular-1.7.6.tgz",
      "integrity": "sha512-QELpvuMIe1FTGniAkRz93O6A+di0yu88niDwcdzrSqtUHNtZMgtgFS4f7W/6Gugbuwej8Kyswlmymwdp8iPCWg=="
    },
    "angular-cookies": {
      "version": "1.7.6",
      "resolved": "https://registry.npmjs.org/angular-cookies/-/angular-cookies-1.7.6.tgz",
      "integrity": "sha512-BkwpZEruj2crsegrOJJvDIWjEBnIAK9PFq39y5rLtiqc2hOXYTs+sVzgq9qit2dlqZTH+xPIaiP2LXADv64W6g=="
    },
    "angular-easyfb": {
      "version": "1.6.0",
      "resolved": "https://registry.npmjs.org/angular-easyfb/-/angular-easyfb-1.6.0.tgz",
      "integrity": "sha512-YzHHkAzgMaO43+cEKegbrthaJlfnWdnCL0h0i3a36KZ61PxS9aMUKkvBtTsBi2c9LSW+kKnzdk4PR+TZq3eeFw=="
    },
    "angular-filter": {
      "version": "0.5.17",
      "resolved": "https://registry.npmjs.org/angular-filter/-/angular-filter-0.5.17.tgz",
      "integrity": "sha1-YMDHOA/UWHLLjxCAHP4H4VQGKTU=",
      "requires": {
        "angular": "*"
      }
    },
    "angular-sanitize": {
      "version": "1.7.6",
      "resolved": "https://registry.npmjs.org/angular-sanitize/-/angular-sanitize-1.7.6.tgz",
      "integrity": "sha512-wDRCQ6VAHzHmEWgpC9nb1ea74IGJgP3dCUgF9DHtHQJSeNvAB/2e4glxfogS3tzGOEnppzLEOD1v+m5lJeEo1Q=="
    },
    "angular-ui-bootstrap": {
      "version": "2.5.6",
      "resolved": "https://registry.npmjs.org/angular-ui-bootstrap/-/angular-ui-bootstrap-2.5.6.tgz",
      "integrity": "sha512-yzcHpPMLQl0232nDzm5P4iAFTFQ9dMw0QgFLuKYbDj9M0xJ62z0oudYD/Lvh1pWfRsukiytP4Xj6BHOSrSXP8A=="
    },
    "angular-ui-router": {
      "version": "0.4.3",
      "resolved": "https://registry.npmjs.org/angular-ui-router/-/angular-ui-router-0.4.3.tgz",
      "integrity": "sha512-EGBG7G7ArFVkJPM+ZIgPKuMYuT16UQrr3zj3BEiXHKwxss867bGt3u7QD9g4BxR+K2qQOSWok6JGvgTWXAko3A==",
      "requires": {
        "angular": "^1.0.8"
      }
    },
    "animate-sass": {
      "version": "0.6.6",
      "resolved": "https://registry.npmjs.org/animate-sass/-/animate-sass-0.6.6.tgz",
      "integrity": "sha1-ikkNu8pFLB3gY8fwg/n/zauILw4="
    },
    "blueimp-canvas-to-blob": {
      "version": "3.5.0",
      "resolved": "https://registry.npmjs.org/blueimp-canvas-to-blob/-/blueimp-canvas-to-blob-3.5.0.tgz",
      "integrity": "sha1-VnmsMvaig1gh8MOtZhcZ/4WpI2s=",
      "optional": true
    },
    "blueimp-file-upload": {
      "version": "9.28.0",
      "resolved": "https://registry.npmjs.org/blueimp-file-upload/-/blueimp-file-upload-9.28.0.tgz",
      "integrity": "sha512-Qvb5/CFlmIZ2cBoItpU2zQhUIvtZsSk9tV+X632uyrDpdpvdaJxDR9Wo8i7aUhfnbO1dbLuS5/auaA04Vk+XHw==",
      "requires": {
        "blueimp-canvas-to-blob": "3.5.0",
        "blueimp-load-image": "2.12.2",
        "blueimp-tmpl": "3.6.0"
      }
    },
    "blueimp-load-image": {
      "version": "2.12.2",
      "resolved": "https://registry.npmjs.org/blueimp-load-image/-/blueimp-load-image-2.12.2.tgz",
      "integrity": "sha1-ahdZiquFjU+/AVQ+BjEUG1EFfIc=",
      "optional": true
    },
    "blueimp-tmpl": {
      "version": "3.6.0",
      "resolved": "https://registry.npmjs.org/blueimp-tmpl/-/blueimp-tmpl-3.6.0.tgz",
      "integrity": "sha1-pJEJddBC4rwDunfw5i0E8VSKUkw=",
      "optional": true
    },
    "bootstrap": {
      "version": "4.1.3",
      "resolved": "https://registry.npmjs.org/bootstrap/-/bootstrap-4.1.3.tgz",
      "integrity": "sha512-rDFIzgXcof0jDyjNosjv4Sno77X4KuPeFxG2XZZv1/Kc8DRVGVADdoQyyOVDwPqL36DDmtCQbrpMCqvpPLJQ0w=="
    },
    "bootstrap-daterangepicker": {
      "version": "2.1.30",
      "resolved": "https://registry.npmjs.org/bootstrap-daterangepicker/-/bootstrap-daterangepicker-2.1.30.tgz",
      "integrity": "sha1-+JPb//Wk19+qt1Rg6OppabuJaJo=",
      "requires": {
        "jquery": ">=1.10",
        "moment": "^2.9.0"
      }
    },
    "braintree-web": {
      "version": "3.42.0",
      "resolved": "https://registry.npmjs.org/braintree-web/-/braintree-web-3.42.0.tgz",
      "integrity": "sha512-R6Eyjz1XCftNk5RVVfcDwWtdlXqguLyWtXGXa7BjK6D2r4/PXqUGRzakWcKUtAYOixibjl0JKHLjf9DzxpTH5w==",
      "requires": {
        "@braintree/asset-loader": "0.2.1",
        "@braintree/browser-detection": "1.7.0",
        "@braintree/class-list": "0.1.0",
        "@braintree/iframer": "1.0.3",
        "@braintree/sanitize-url": "3.0.0",
        "@braintree/wrap-promise": "1.1.1",
        "card-validator": "6.1.0",
        "credit-card-type": "8.0.0",
        "framebus": "3.0.2",
        "inject-stylesheet": "1.0.0",
        "promise-polyfill": "8.1.0",
        "restricted-input": "1.2.7"
      }
    },
    "card-validator": {
      "version": "6.1.0",
      "resolved": "https://registry.npmjs.org/card-validator/-/card-validator-6.1.0.tgz",
      "integrity": "sha512-YAeCZvHFXj7zxYSjfQEOmL5c19+Bfpdi1hl9BIeAE7a56V3jPO9CbIVwSPPL4yoVPVjfE4Osp44c05UeELhu4A==",
      "requires": {
        "credit-card-type": "^8.0.0"
      }
    },
    "cleave.js": {
      "version": "1.4.7",
      "resolved": "https://registry.npmjs.org/cleave.js/-/cleave.js-1.4.7.tgz",
      "integrity": "sha512-+fewLSc8Q5Bi6vYEaTEz1Qsl+z7KT3EmN0iNexszN36CZCmcZs5EAYsJB9ZvQoDoEudGF9Vb7/VF/f7ns/tCgA=="
    },
    "cloudinary-core": {
      "version": "2.5.0",
      "resolved": "https://registry.npmjs.org/cloudinary-core/-/cloudinary-core-2.5.0.tgz",
      "integrity": "sha512-lrzdLUzFZPnxpWgIAGtOwfqM2D+rG+fLsgd6KqZwDkQX+DYOUNaJpD3lEqxhoMI90zoT1gP/7+pMh/AscSaQ0w==",
      "requires": {
        "lodash": ">=3.0"
      }
    },
    "cloudinary-jquery-file-upload": {
      "version": "2.5.0",
      "resolved": "https://registry.npmjs.org/cloudinary-jquery-file-upload/-/cloudinary-jquery-file-upload-2.5.0.tgz",
      "integrity": "sha512-UsF9gbf7effFaLG5AuVdjnk+9n+P8qWdL//eIm3tdE8E2WaSCgI4M0Xj28WEXwwsT4eH+6GIjauI6QatZVivtA==",
      "requires": {
        "blueimp-file-upload": "^9.11.2",
        "jquery": "^2.2.4"
      },
      "dependencies": {
        "jquery": {
          "version": "2.2.4",
          "resolved": "https://registry.npmjs.org/jquery/-/jquery-2.2.4.tgz",
          "integrity": "sha1-LInWiJterFIqfuoywUUhVZxsvwI="
        }
      }
    },
    "cloudinary_ng": {
      "version": "1.1.1",
      "resolved": "https://registry.npmjs.org/cloudinary_ng/-/cloudinary_ng-1.1.1.tgz",
      "integrity": "sha512-OkNPp06idONo9yFL9EXIeI1mxOj3N7JawUsRGfpsvCyesyf9Vj918Z6kc9jQIH66gsFNJtPTwU0XWv8Q6HkylA=="
    },
    "credit-card-type": {
      "version": "8.0.0",
      "resolved": "https://registry.npmjs.org/credit-card-type/-/credit-card-type-8.0.0.tgz",
      "integrity": "sha512-q3k5fbLJJIkPTBLr03Wo2Ui8cF5vHE8eTT/3K7BUW1ROoyns2vHoglWrzjmU/8JKA0X7JFlYlUVuDRwn7l2ldw=="
    },
    "css-element-queries": {
      "version": "1.2.3",
      "resolved": "https://registry.npmjs.org/css-element-queries/-/css-element-queries-1.2.3.tgz",
      "integrity": "sha512-QK9uovYmKTsV2GXWQiMOByVNrLn2qz6m3P7vWpOR4IdD6I3iXoDw5qtgJEN3Xq7gIbdHVKvzHjdAtcl+4Arc4Q=="
    },
    "faye-websocket": {
      "version": "0.9.4",
      "resolved": "https://registry.npmjs.org/faye-websocket/-/faye-websocket-0.9.4.tgz",
      "integrity": "sha1-iFk0x57/sECVSeDAo4Ae0XpAza0=",
      "requires": {
        "websocket-driver": ">=0.5.1"
      }
    },
    "font-awesome": {
      "version": "4.7.0",
      "resolved": "https://registry.npmjs.org/font-awesome/-/font-awesome-4.7.0.tgz",
      "integrity": "sha1-j6jPBBGhoxr9B7BtKQK7n8gVoTM="
    },
    "framebus": {
      "version": "3.0.2",
      "resolved": "https://registry.npmjs.org/framebus/-/framebus-3.0.2.tgz",
      "integrity": "sha512-OqhYkhgRYlpKZoSl5EA3whKh8O8omFPCzf7MGzFqC6CtrT8lg7evNgU6QdjC3uY3ATq5saMDiY5HJ8KGiGDYCA=="
    },
    "geocluster": {
      "version": "0.1.1",
      "resolved": "https://registry.npmjs.org/geocluster/-/geocluster-0.1.1.tgz",
      "integrity": "sha1-N8+SEhoOV+RyYBX68oy6W6M11cE="
    },
    "http-parser-js": {
      "version": "0.4.10",
      "resolved": "https://registry.npmjs.org/http-parser-js/-/http-parser-js-0.4.10.tgz",
      "integrity": "sha1-ksnBN0w1CF912zWexWzCV8u5P6Q="
    },
    "iban": {
      "version": "0.0.10",
      "resolved": "https://registry.npmjs.org/iban/-/iban-0.0.10.tgz",
      "integrity": "sha512-dhZx+nrJxova6SItfICUEswGSkXD6ky3WiIUmDPlpadqOlogTmTlq2t8Yx6Ii5YNYLzU0TXcehVrHDDdQBLlXQ=="
    },
    "inject-stylesheet": {
      "version": "1.0.0",
      "resolved": "https://registry.npmjs.org/inject-stylesheet/-/inject-stylesheet-1.0.0.tgz",
      "integrity": "sha1-9nMEdFjuWPEJ/uTPtmsJ82LMwmE="
    },
    "inputmask": {
      "version": "5.0.7",
      "resolved": "https://registry.npmjs.org/inputmask/-/inputmask-5.0.7.tgz",
      "integrity": "sha512-rUxbRDS25KEib+c/Ow+K01oprU/+EK9t9SOPC8ov94/ftULGDqj1zOgRU/Hko6uzoKRMdwCfuhAafJ/Wk2wffQ=="
    },
    "jquery": {
      "version": "3.3.1",
      "resolved": "https://registry.npmjs.org/jquery/-/jquery-3.3.1.tgz",
      "integrity": "sha512-Ubldcmxp5np52/ENotGxlLe6aGMvmF4R8S6tZjsP6Knsaxd/xp3Zrh50cG93lR6nPXyUFwzN3ZSOQI0wRJNdGg=="
    },
    "jquery-ui": {
      "version": "1.13.2",
      "resolved": "https://registry.npmjs.org/jquery-ui/-/jquery-ui-1.13.2.tgz",
      "integrity": "sha512-wBZPnqWs5GaYJmo1Jj0k/mrSkzdQzKDwhXNtHKcBdAcKVxMM3KNYFq+iJ2i1rwiG53Z8M4mTn3Qxrm17uH1D4Q==",
      "requires": {
        "jquery": ">=1.8.0 <4.0.0"
      }
    },
    "jquery-ui-bundle": {
      "version": "1.12.1-migrate",
      "resolved": "https://registry.npmjs.org/jquery-ui-bundle/-/jquery-ui-bundle-1.12.1-migrate.tgz",
      "integrity": "sha512-ihyHzL6NYkCg1SNIRFrQAkgEeAJmet2G6rrecCRwq6RcWNApV6w2NSjqfuJUUoiKywkvlU+pqHJ5NAAEuTet4w=="
    },
    "jquery.iframe-transport": {
      "version": "1.0.0",
      "resolved": "https://registry.npmjs.org/jquery.iframe-transport/-/jquery.iframe-transport-1.0.0.tgz",
      "integrity": "sha1-mKuuhb6s4cw2JkXnqHNg/5QYF18="
    },
    "jquery.scrollto": {
      "version": "2.1.2",
      "resolved": "https://registry.npmjs.org/jquery.scrollto/-/jquery.scrollto-2.1.2.tgz",
      "integrity": "sha1-51gNnHrEbvW7JTGUg/b0VxP9fGw=",
      "requires": {
        "jquery": ">=1.8"
      }
    },
    "jquery.ui.widget": {
      "version": "1.10.3",
      "resolved": "https://registry.npmjs.org/jquery.ui.widget/-/jquery.ui.widget-1.10.3.tgz",
      "integrity": "sha1-LO7PxkmVQSZD7rlQjSGX6pPAL7M="
    },
    "libphonenumber-js": {
      "version": "1.10.20",
      "resolved": "https://registry.npmjs.org/libphonenumber-js/-/libphonenumber-js-1.10.20.tgz",
      "integrity": "sha512-kQovlKNdLcVzerbTPmJ+Fx4R+7/pYXmPDIllHjg7IxL4X6MsMG7jaT5opfYrBok0uqkByVif//JUR8e11l/V7w=="
    },
    "lodash": {
      "version": "4.17.21",
      "resolved": "https://registry.npmjs.org/lodash/-/lodash-4.17.21.tgz",
      "integrity": "sha512-v2kDEe57lecTulaDIuNTPy3Ry4gLGJ6Z1O3vE1krgXZNrsQ+LFTGHVxVjcXPs17LhbZVGedAJv8XZ1tvj5FvSg=="
    },
    "moment": {
      "version": "2.24.0",
      "resolved": "https://registry.npmjs.org/moment/-/moment-2.24.0.tgz",
      "integrity": "sha512-bV7f+6l2QigeBBZSM/6yTNq4P2fNpSWj/0e7jQcy87A8e7o2nAfP/34/2ky5Vw4B9S446EtIhodAzkFCcR4dQg=="
    },
    "moment-duration-format": {
      "version": "1.3.0",
      "resolved": "https://registry.npmjs.org/moment-duration-format/-/moment-duration-format-1.3.0.tgz",
      "integrity": "sha1-VBdxtfh6BJzGVUBHXTrZZnN9aQg="
    },
    "ng-file-upload": {
      "version": "12.2.13",
      "resolved": "https://registry.npmjs.org/ng-file-upload/-/ng-file-upload-12.2.13.tgz",
      "integrity": "sha1-AYAPOHLlJvlTEPhHfpnk8S0NjRQ="
    },
    "owl.carousel": {
      "version": "2.3.4",
      "resolved": "https://registry.npmjs.org/owl.carousel/-/owl.carousel-2.3.4.tgz",
      "integrity": "sha512-JaDss9+feAvEW8KZppPSpllfposEzQiW+Ytt/Xm5t/3CTJ7YVmkh6RkWixoA2yXk2boIwedYxOvrrppIGzru9A==",
      "requires": {
        "jquery": ">=1.8.3"
      }
    },
    "popper.js": {
      "version": "1.12.3",
      "resolved": "https://registry.npmjs.org/popper.js/-/popper.js-1.12.3.tgz",
      "integrity": "sha512-yeccDWm2ZYbygDVKJxkyMkwjsDAP5/AROns/nN4ofdMghouyHzu4p3r27nkRGAcQXSYZJ+dqgKug6viAhszfUg=="
    },
    "promise-polyfill": {
      "version": "8.1.0",
      "resolved": "https://registry.npmjs.org/promise-polyfill/-/promise-polyfill-8.1.0.tgz",
      "integrity": "sha512-OzSf6gcCUQ01byV4BgwyUCswlaQQ6gzXc23aLQWhicvfX9kfsUiUhgt3CCQej8jDnl8/PhGF31JdHX2/MzF3WA=="
    },
    "pusher-js": {
      "version": "4.3.1",
      "resolved": "https://registry.npmjs.org/pusher-js/-/pusher-js-4.3.1.tgz",
      "integrity": "sha512-qs2SNG7eFyALKDCsHqeKh/i8B9uW7QoaSR3CeUJE2xjYjg5saUCgvYx3cHwXaVTSAP43nVNb0InDiX49wp42Qg==",
      "requires": {
        "faye-websocket": "0.9.4",
        "tweetnacl": "^1.0.0",
        "tweetnacl-util": "^0.15.0",
        "xmlhttprequest": "^1.8.0"
      }
    },
    "restricted-input": {
      "version": "1.2.7",
      "resolved": "https://registry.npmjs.org/restricted-input/-/restricted-input-1.2.7.tgz",
      "integrity": "sha1-4SmPX9jEMMwtjmuxF1UkAjIFyzQ=",
      "requires": {
        "@braintree/browser-detection": "^1.5.0"
      }
    },
    "safe-buffer": {
      "version": "5.2.0",
      "resolved": "https://registry.npmjs.org/safe-buffer/-/safe-buffer-5.2.0.tgz",
      "integrity": "sha512-fZEwUGbVl7kouZs1jCdMLdt95hdIv0ZeHg6L7qPeciMZhZ+/gdesW4wgTARkrFWEpspjEATAzUGPG8N2jJiwbg=="
    },
    "slick-carousel": {
      "version": "1.8.1",
      "resolved": "https://registry.npmjs.org/slick-carousel/-/slick-carousel-1.8.1.tgz",
      "integrity": "sha512-XB9Ftrf2EEKfzoQXt3Nitrt/IPbT+f1fgqBdoxO3W/+JYvtEOW6EgxnWfr9GH6nmULv7Y2tPmEX3koxThVmebA=="
    },
    "tooltip.js": {
      "version": "1.3.3",
      "resolved": "https://registry.npmjs.org/tooltip.js/-/tooltip.js-1.3.3.tgz",
      "integrity": "sha512-XWWuy/dBdF/F/YpRE955yqBZ4VdLfiTAUdOqoU+wJm6phJlMpEzl/iYHZ+qJswbeT9VG822bNfsETF9wzmoy5A==",
      "requires": {
        "popper.js": "^1.0.2"
      }
    },
    "tweetnacl": {
      "version": "1.0.1",
      "resolved": "https://registry.npmjs.org/tweetnacl/-/tweetnacl-1.0.1.tgz",
      "integrity": "sha512-kcoMoKTPYnoeS50tzoqjPY3Uv9axeuuFAZY9M/9zFnhoVvRfxz9K29IMPD7jGmt2c8SW7i3gT9WqDl2+nV7p4A=="
    },
    "tweetnacl-util": {
      "version": "0.15.0",
      "resolved": "https://registry.npmjs.org/tweetnacl-util/-/tweetnacl-util-0.15.0.tgz",
      "integrity": "sha1-RXbBzuXi1j0gf+5S8boCgZSAvHU="
    },
    "twix": {
      "version": "1.3.0",
      "resolved": "https://registry.npmjs.org/twix/-/twix-1.3.0.tgz",
      "integrity": "sha512-D1kCQgEuRZLZHIoYa6HUMgEBwHTzN8n8gYVX1y8uBooM+ZpowNyPcAuYk8YCkZxoIKIMOR7qgrae9yUUBP3yDQ=="
    },
    "websocket-driver": {
      "version": "0.7.3",
      "resolved": "https://registry.npmjs.org/websocket-driver/-/websocket-driver-0.7.3.tgz",
      "integrity": "sha512-bpxWlvbbB459Mlipc5GBzzZwhoZgGEZLuqPaR0INBGnPAY1vdBX6hPnoFXiw+3yWxDuHyQjO2oXTMyS8A5haFg==",
      "requires": {
        "http-parser-js": ">=0.4.0 <0.4.11",
        "safe-buffer": ">=5.1.0",
        "websocket-extensions": ">=0.1.1"
      }
    },
    "websocket-extensions": {
      "version": "0.1.3",
      "resolved": "https://registry.npmjs.org/websocket-extensions/-/websocket-extensions-0.1.3.tgz",
      "integrity": "sha512-nqHUnMXmBzT0w570r2JpJxfiSD1IzoI+HGVdd3aZ0yNi3ngvQ4jv1dtHt5VGxfI2yj5yqImPhOK4vmIh2xMbGg=="
    },
    "xmlhttprequest": {
      "version": "1.8.0",
      "resolved": "https://registry.npmjs.org/xmlhttprequest/-/xmlhttprequest-1.8.0.tgz",
      "integrity": "sha1-Z/4HXFwk/vOfnWX197f+dRcZaPw="
    }
  }
}
