# THIS IS AN AUTOGENERATED FILE. DO NOT EDIT THIS FILE DIRECTLY.
# yarn lockfile v1


"@braintree/asset-loader@0.2.1":
  version "0.2.1"
  resolved "https://registry.yarnpkg.com/@braintree/asset-loader/-/asset-loader-0.2.1.tgz#1f744aada54321ff591e846d707a7b7d58d7ca9f"
  dependencies:
    promise-polyfill "^8.1.0"

"@braintree/browser-detection@1.7.0", "@braintree/browser-detection@^1.5.0":
  version "1.7.0"
  resolved "https://registry.yarnpkg.com/@braintree/browser-detection/-/browser-detection-1.7.0.tgz#895ba64b700c3f36cab5c54591caf71a41171dd8"

"@braintree/class-list@0.1.0":
  version "0.1.0"
  resolved "https://registry.yarnpkg.com/@braintree/class-list/-/class-list-0.1.0.tgz#d6c8606ce6a82b4b37f28e32eadd090abcf1adaa"

"@braintree/iframer@1.0.3":
  version "1.0.3"
  resolved "https://registry.yarnpkg.com/@braintree/iframer/-/iframer-1.0.3.tgz#21dd1fd4cebd4154aeab1efa4d5b0d5f4384364e"

"@braintree/sanitize-url@3.0.0":
  version "3.0.0"
  resolved "https://registry.yarnpkg.com/@braintree/sanitize-url/-/sanitize-url-3.0.0.tgz#a0ce629d18d4d435f23a0b880098cff7d99e8bb3"

"@braintree/wrap-promise@1.1.1":
  version "1.1.1"
  resolved "https://registry.yarnpkg.com/@braintree/wrap-promise/-/wrap-promise-1.1.1.tgz#d22c76855e6d4b4012610060421fae1a37ec90b0"

angular-cookies@^1.6.10:
  version "1.7.6"
  resolved "https://registry.yarnpkg.com/angular-cookies/-/angular-cookies-1.7.6.tgz#a8f9e81866cbc76d82a15b3a18a84099c9d6fc84"

angular-easyfb@^1.6.0:
  version "1.6.0"
  resolved "https://registry.yarnpkg.com/angular-easyfb/-/angular-easyfb-1.6.0.tgz#5f1fa0227b9878abe191a644fe11b0059201b893"

angular-filter@^0.5.17:
  version "0.5.17"
  resolved "https://registry.yarnpkg.com/angular-filter/-/angular-filter-0.5.17.tgz#60c0c7380fd45872cb8f10801cfe07e154062935"
  dependencies:
    angular "*"

angular-sanitize@^1.6.6:
  version "1.7.6"
  resolved "https://registry.yarnpkg.com/angular-sanitize/-/angular-sanitize-1.7.6.tgz#3ee2d4fc6ca31fee2b375b27ae526a6c3c108e3c"

angular-ui-bootstrap@^2.5.6:
  version "2.5.6"
  resolved "https://registry.yarnpkg.com/angular-ui-bootstrap/-/angular-ui-bootstrap-2.5.6.tgz#23937322ec641a6fbee16498cc32452aa199e7c5"

angular-ui-router@^0.4.3:
  version "0.4.3"
  resolved "https://registry.yarnpkg.com/angular-ui-router/-/angular-ui-router-0.4.3.tgz#6c29546fe50b8d2f74614dcb8660d6fc40d6e167"
  dependencies:
    angular "^1.0.8"

angular@*, angular@^1.0.8, angular@^1.6.6:
  version "1.7.6"
  resolved "https://registry.yarnpkg.com/angular/-/angular-1.7.6.tgz#db3bd96e3305c870f6227b9b32a4d761880473da"

animate-sass@^0.6.6:
  version "0.6.6"
  resolved "https://registry.yarnpkg.com/animate-sass/-/animate-sass-0.6.6.tgz#8a490dbbca452c1de063c7f083f9ffcdab882f0e"

blueimp-canvas-to-blob@3.5.0:
  version "3.5.0"
  resolved "https://registry.yarnpkg.com/blueimp-canvas-to-blob/-/blueimp-canvas-to-blob-3.5.0.tgz#5679ac32f6a2835821f0c3ad661719ff85a9236b"

blueimp-file-upload@^9.11.2, blueimp-file-upload@^9.21.0:
  version "9.28.0"
  resolved "https://registry.yarnpkg.com/blueimp-file-upload/-/blueimp-file-upload-9.28.0.tgz#e11a7eac367d2b3fc0f1cd9d1717299686bd98b4"
  optionalDependencies:
    blueimp-canvas-to-blob "3.5.0"
    blueimp-load-image "2.12.2"
    blueimp-tmpl "3.6.0"

blueimp-load-image@2.12.2:
  version "2.12.2"
  resolved "https://registry.yarnpkg.com/blueimp-load-image/-/blueimp-load-image-2.12.2.tgz#6a17598aab858d4fbf01543e0631141b51057c87"

blueimp-tmpl@3.6.0:
  version "3.6.0"
  resolved "https://registry.yarnpkg.com/blueimp-tmpl/-/blueimp-tmpl-3.6.0.tgz#a4910975d042e2bc03ba77f0e62d04f1548a524c"

bootstrap-daterangepicker@^2.1.25:
  version "2.1.30"
  resolved "https://registry.yarnpkg.com/bootstrap-daterangepicker/-/bootstrap-daterangepicker-2.1.30.tgz#f893dbfff5a4d7dfaab75460e8ea6969bb89689a"
  dependencies:
    jquery ">=1.10"
    moment "^2.9.0"

bootstrap@4.1.3:
  version "4.1.3"
  resolved "https://registry.yarnpkg.com/bootstrap/-/bootstrap-4.1.3.tgz#0eb371af2c8448e8c210411d0cb824a6409a12be"

braintree-web@^3.31.0:
  version "3.42.0"
  resolved "https://registry.yarnpkg.com/braintree-web/-/braintree-web-3.42.0.tgz#07d8cb87bdbd89e9629098c9f4065c92e537e34c"
  dependencies:
    "@braintree/asset-loader" "0.2.1"
    "@braintree/browser-detection" "1.7.0"
    "@braintree/class-list" "0.1.0"
    "@braintree/iframer" "1.0.3"
    "@braintree/sanitize-url" "3.0.0"
    "@braintree/wrap-promise" "1.1.1"
    card-validator "6.1.0"
    credit-card-type "8.0.0"
    framebus "3.0.2"
    inject-stylesheet "1.0.0"
    promise-polyfill "8.1.0"
    restricted-input "1.2.7"

card-validator@6.1.0:
  version "6.1.0"
  resolved "https://registry.yarnpkg.com/card-validator/-/card-validator-6.1.0.tgz#d36bfc9ff8ee0c69e02d676b2b27f7b6d2dae92d"
  dependencies:
    credit-card-type "^8.0.0"

cleave.js@^1.0.7:
  version "1.4.7"
  resolved "https://registry.yarnpkg.com/cleave.js/-/cleave.js-1.4.7.tgz#5e94f4880946aa778b55ecaafc76d122600ff4d0"

cloudinary-core@^2.4.0:
  version "2.5.0"
  resolved "https://registry.yarnpkg.com/cloudinary-core/-/cloudinary-core-2.5.0.tgz#580d7255a394f0900879e7eee0d6f3072df99ac5"
  dependencies:
    lodash ">=3.0"

cloudinary-jquery-file-upload@^2.5.0:
  version "2.5.0"
  resolved "https://registry.yarnpkg.com/cloudinary-jquery-file-upload/-/cloudinary-jquery-file-upload-2.5.0.tgz#21f53330fa1f714ae7cad33e0e873954a8de6b0b"
  dependencies:
    blueimp-file-upload "^9.11.2"
    jquery "^2.2.4"

cloudinary_ng@^1.1.1:
  version "1.1.1"
  resolved "https://registry.yarnpkg.com/cloudinary_ng/-/cloudinary_ng-1.1.1.tgz#fc96d553cd36d4a0c7f9ef391dfa4c8925356210"

credit-card-type@8.0.0, credit-card-type@^8.0.0:
  version "8.0.0"
  resolved "https://registry.yarnpkg.com/credit-card-type/-/credit-card-type-8.0.0.tgz#e65347bcdb979b4deb3107cd43a1cd9da802cd50"

css-element-queries@^1.2.1:
  version "1.2.1"
  resolved "https://registry.yarnpkg.com/css-element-queries/-/css-element-queries-1.2.1.tgz#70d1a0f676fc0bd0a3306522a5b2d3bcc55c9fe6"
  integrity sha512-hiI1tSzf+U/gE13qhfwnCvN90Ay0THnE+mT3pjN/c/mvFmEUHZVNrvMJrrkw2ppOzkl69FdgH2ZGZENYQUaN2A==

faye-websocket@0.9.4:
  version "0.9.4"
  resolved "https://registry.yarnpkg.com/faye-websocket/-/faye-websocket-0.9.4.tgz#885934c79effb0409549e0c0a3801ed17a40cdad"
  dependencies:
    websocket-driver ">=0.5.1"

font-awesome@^4.7.0:
  version "4.7.0"
  resolved "https://registry.yarnpkg.com/font-awesome/-/font-awesome-4.7.0.tgz#8fa8cf0411a1a31afd07b06d2902bb9fc815a133"

framebus@3.0.2:
  version "3.0.2"
  resolved "https://registry.yarnpkg.com/framebus/-/framebus-3.0.2.tgz#0c99c70cb507522aae6ed485e1317fc913873a8a"

geocluster@^0.1.1:
  version "0.1.1"
  resolved "https://registry.yarnpkg.com/geocluster/-/geocluster-0.1.1.tgz#37cf92121a0e57e4726015faf28cba5ba335d5c1"

http-parser-js@>=0.4.0:
  version "0.5.0"
  resolved "https://registry.yarnpkg.com/http-parser-js/-/http-parser-js-0.5.0.tgz#d65edbede84349d0dc30320815a15d39cc3cbbd8"

iban@^0.0.10:
  version "0.0.10"
  resolved "https://registry.yarnpkg.com/iban/-/iban-0.0.10.tgz#1a6aeb08e85cd98d5651c5e0c08c5c0de81ba78d"

inject-stylesheet@1.0.0:
  version "1.0.0"
  resolved "https://registry.yarnpkg.com/inject-stylesheet/-/inject-stylesheet-1.0.0.tgz#f673047458ee58f109fee4cfb66b09f362ccc261"

inputmask@^5.0.3:
  version "5.0.3"
  resolved "https://registry.yarnpkg.com/inputmask/-/inputmask-5.0.3.tgz#f6758de84b7a67c3c246f520c5f3e2c383b3fd68"
  integrity sha512-v1l5IoJK6NE8TapI2g6n/y1/ksMwyVLkkaIS6VPTkdvpgEITLzDtSi7n9Jpp471hL2DdJlae9HpMnFmTpf5VXA==

jquery-ui-bundle@^1.12.1-migrate:
  version "1.12.1-migrate"
  resolved "https://registry.yarnpkg.com/jquery-ui-bundle/-/jquery-ui-bundle-1.12.1-migrate.tgz#b9343e2c310743527632cff8bedb0c5e9600b14c"
  integrity sha1-uTQ+LDEHQ1J2Ms/4vtsMXpYAsUw=

jquery-ui@^1.12.1:
  version "1.12.1"
  resolved "https://registry.yarnpkg.com/jquery-ui/-/jquery-ui-1.12.1.tgz#bcb4045c8dd0539c134bc1488cdd3e768a7a9e51"

jquery.iframe-transport@^1.0.0:
  version "1.0.0"
  resolved "https://registry.yarnpkg.com/jquery.iframe-transport/-/jquery.iframe-transport-1.0.0.tgz#98abae85beace1cc362645e7a87360ff9418175f"

jquery.scrollto@^2.1.2:
  version "2.1.2"
  resolved "https://registry.yarnpkg.com/jquery.scrollto/-/jquery.scrollto-2.1.2.tgz#e7580d9c7ac46ef5bb25319483f6f45713fd7c6c"
  dependencies:
    jquery ">=1.8"

jquery.ui.widget@^1.10.3:
  version "1.10.3"
  resolved "https://registry.yarnpkg.com/jquery.ui.widget/-/jquery.ui.widget-1.10.3.tgz#2ceecfc64995412643eeb9508d2197ea93c02fb3"

jquery@>=1.10, jquery@>=1.8, jquery@>=1.8.3, jquery@^3.2.1:
  version "3.3.1"
  resolved "https://registry.yarnpkg.com/jquery/-/jquery-3.3.1.tgz#958ce29e81c9790f31be7792df5d4d95fc57fbca"

jquery@^2.2.4:
  version "2.2.4"
  resolved "https://registry.yarnpkg.com/jquery/-/jquery-2.2.4.tgz#2c89d6889b5eac522a7eea32c14521559c6cbf02"

libphonenumber-js@^1.7.48:
  version "1.7.48"
  resolved "https://registry.yarnpkg.com/libphonenumber-js/-/libphonenumber-js-1.7.48.tgz#15b7258b642d0ef5faced14401528639be9a8eaa"
  integrity sha512-qiHOxCBQ8cNqSkpUcAFn0vwk8eZs6Bq6ttQTiiAICEfUZp3uQ/RuOnPqYMw5qciHCrCNjLN3qp3ih1u0+NuzVA==
  dependencies:
    minimist "^1.2.5"
    xml2js "^0.4.17"

lodash@>=3.0:
  version "4.17.21"
  resolved "https://registry.yarnpkg.com/lodash/-/lodash-4.17.21.tgz#679591c564c3bffaae8454cf0b3df370c3d6911c"
  integrity sha512-v2kDEe57lecTulaDIuNTPy3Ry4gLGJ6Z1O3vE1krgXZNrsQ+LFTGHVxVjcXPs17LhbZVGedAJv8XZ1tvj5FvSg==

minimist@^1.2.5:
  version "1.2.5"
  resolved "https://registry.yarnpkg.com/minimist/-/minimist-1.2.5.tgz#67d66014b66a6a8aaa0c083c5fd58df4e4e97602"
  integrity sha512-FM9nNUYrRBAELZQT3xeZQ7fmMOBg6nWNmJKTcgsJeaLstP/UODVpGsr5OhXhhXg6f+qtJ8uiZ+PUxkDWcgIXLw==

moment-duration-format@^1.3.0:
  version "1.3.0"
  resolved "https://registry.yarnpkg.com/moment-duration-format/-/moment-duration-format-1.3.0.tgz#541771b5f87a049cc65540475d3ad966737d6908"

moment@^2.19.1, moment@^2.9.0:
  version "2.24.0"
  resolved "https://registry.yarnpkg.com/moment/-/moment-2.24.0.tgz#0d055d53f5052aa653c9f6eb68bb5d12bf5c2b5b"

ng-file-upload@^12.2.13:
  version "12.2.13"
  resolved "https://registry.yarnpkg.com/ng-file-upload/-/ng-file-upload-12.2.13.tgz#01800f3872e526f95310f8477e99e4f12d0d8d14"

owl.carousel@^2.3.4:
  version "2.3.4"
  resolved "https://registry.yarnpkg.com/owl.carousel/-/owl.carousel-2.3.4.tgz#6c53dc8d24304b790e4f27a1dc4a655e973ccdc9"
  dependencies:
    jquery ">=1.8.3"

popper.js@1.12.3:
  version "1.12.3"
  resolved "https://registry.yarnpkg.com/popper.js/-/popper.js-1.12.3.tgz#e46a99c52e74e310411df505d820b61bdbe7eaee"

popper.js@^1.0.2:
  version "1.16.0"
  resolved "https://registry.yarnpkg.com/popper.js/-/popper.js-1.16.0.tgz#2e1816bcbbaa518ea6c2e15a466f4cb9c6e2fbb3"

promise-polyfill@8.1.0, promise-polyfill@^8.1.0:
  version "8.1.0"
  resolved "https://registry.yarnpkg.com/promise-polyfill/-/promise-polyfill-8.1.0.tgz#30059da54d1358ce905ac581f287e184aedf995d"

pusher-js@^4.3.1:
  version "4.3.1"
  resolved "https://registry.yarnpkg.com/pusher-js/-/pusher-js-4.3.1.tgz#ca0ecc09cd78ffb836f65031b9ab69244509d091"
  dependencies:
    faye-websocket "0.9.4"
    tweetnacl "^1.0.0"
    tweetnacl-util "^0.15.0"
    xmlhttprequest "^1.8.0"

restricted-input@1.2.7:
  version "1.2.7"
  resolved "https://registry.yarnpkg.com/restricted-input/-/restricted-input-1.2.7.tgz#e1298f5fd8c430cc2d8e6bb1175524023205cb34"
  dependencies:
    "@braintree/browser-detection" "^1.5.0"

sax@>=0.6.0:
  version "1.2.4"
  resolved "https://registry.yarnpkg.com/sax/-/sax-1.2.4.tgz#2816234e2378bddc4e5354fab5caa895df7100d9"
  integrity sha512-NqVDv9TpANUjFm0N8uM5GxL36UgKi9/atZw+x7YFnQ8ckwFGKrl4xX4yWtrey3UJm5nP1kUbnYgLopqWNSRhWw==

slick-carousel@^1.8.1:
  version "1.8.1"
  resolved "https://registry.yarnpkg.com/slick-carousel/-/slick-carousel-1.8.1.tgz#a4bfb29014887bb66ce528b90bd0cda262cc8f8d"
  integrity sha512-XB9Ftrf2EEKfzoQXt3Nitrt/IPbT+f1fgqBdoxO3W/+JYvtEOW6EgxnWfr9GH6nmULv7Y2tPmEX3koxThVmebA==

tooltip.js@^1.3.3:
  version "1.3.3"
  resolved "https://registry.yarnpkg.com/tooltip.js/-/tooltip.js-1.3.3.tgz#2ad0d77bb6776a76e117eac0afcd3c7d3a237121"
  dependencies:
    popper.js "^1.0.2"

tweetnacl-util@^0.15.0:
  version "0.15.0"
  resolved "https://registry.yarnpkg.com/tweetnacl-util/-/tweetnacl-util-0.15.0.tgz#4576c1cee5e2d63d207fee52f1ba02819480bc75"

tweetnacl@^1.0.0:
  version "1.0.0"
  resolved "https://registry.yarnpkg.com/tweetnacl/-/tweetnacl-1.0.0.tgz#713d8b818da42068740bf68386d0479e66fc8a7b"

twix@^1.3.0:
  version "1.3.0"
  resolved "https://registry.yarnpkg.com/twix/-/twix-1.3.0.tgz#012067f19a5a14acee83176bd5fafab3ad00b650"
  integrity sha512-D1kCQgEuRZLZHIoYa6HUMgEBwHTzN8n8gYVX1y8uBooM+ZpowNyPcAuYk8YCkZxoIKIMOR7qgrae9yUUBP3yDQ==

websocket-driver@>=0.5.1:
  version "0.7.0"
  resolved "https://registry.yarnpkg.com/websocket-driver/-/websocket-driver-0.7.0.tgz#0caf9d2d755d93aee049d4bdd0d3fe2cca2a24eb"
  dependencies:
    http-parser-js ">=0.4.0"
    websocket-extensions ">=0.1.1"

websocket-extensions@>=0.1.1:
  version "0.1.3"
  resolved "https://registry.yarnpkg.com/websocket-extensions/-/websocket-extensions-0.1.3.tgz#5d2ff22977003ec687a4b87073dfbbac146ccf29"

xml2js@^0.4.17:
  version "0.4.23"
  resolved "https://registry.yarnpkg.com/xml2js/-/xml2js-0.4.23.tgz#a0c69516752421eb2ac758ee4d4ccf58843eac66"
  integrity sha512-ySPiMjM0+pLDftHgXY4By0uswI3SPKLDw/i3UXbnO8M/p28zqexCUoPmQFrYD+/1BzhGJSs2i1ERWKJAtiLrug==
  dependencies:
    sax ">=0.6.0"
    xmlbuilder "~11.0.0"

xmlbuilder@~11.0.0:
  version "11.0.1"
  resolved "https://registry.yarnpkg.com/xmlbuilder/-/xmlbuilder-11.0.1.tgz#be9bae1c8a046e76b31127726347d0ad7002beb3"
  integrity sha512-fDlsI/kFEx7gLvbecc0/ohLG50fugQp8ryHzMTuW9vSa1GJ0XYWKnhsUx7oie3G98+r56aTQIUB4kht42R3JvA==

xmlhttprequest@^1.8.0:
  version "1.8.0"
  resolved "https://registry.yarnpkg.com/xmlhttprequest/-/xmlhttprequest-1.8.0.tgz#67fe075c5c24fef39f9d65f5f7b7fe75171968fc"
