# THIS IS AN AUTOGENERATED FILE. DO NOT EDIT THIS FILE DIRECTLY.
# yarn lockfile v1


"@braintree/browser-detection@1.7.0", "@braintree/browser-detection@^1.5.0":
  version "1.7.0"
  resolved "https://registry.yarnpkg.com/@braintree/browser-detection/-/browser-detection-1.7.0.tgz#895ba64b700c3f36cab5c54591caf71a41171dd8"

"@braintree/iframer@1.0.3":
  version "1.0.3"
  resolved "https://registry.yarnpkg.com/@braintree/iframer/-/iframer-1.0.3.tgz#21dd1fd4cebd4154aeab1efa4d5b0d5f4384364e"

"@braintree/sanitize-url@2.1.0":
  version "2.1.0"
  resolved "https://registry.yarnpkg.com/@braintree/sanitize-url/-/sanitize-url-2.1.0.tgz#549a9d1f923c9bc7953a585d3e9aa9429be8fe28"

"@braintree/wrap-promise@1.1.1":
  version "1.1.1"
  resolved "https://registry.yarnpkg.com/@braintree/wrap-promise/-/wrap-promise-1.1.1.tgz#d22c76855e6d4b4012610060421fae1a37ec90b0"

angular-cookies@^1.6.10:
  version "1.6.10"
  resolved "https://registry.yarnpkg.com/angular-cookies/-/angular-cookies-1.6.10.tgz#20a014d501242e2edacd21397c0e5480e08dee00"

angular-easyfb@^1.5.2:
  version "1.5.2"
  resolved "https://registry.yarnpkg.com/angular-easyfb/-/angular-easyfb-1.5.2.tgz#ce5b1ac323a3441b2f5249a3b0e61addfca608f5"

angular-sanitize@^1.6.6:
  version "1.6.6"
  resolved "https://registry.yarnpkg.com/angular-sanitize/-/angular-sanitize-1.6.6.tgz#0fd065a19931517fbece66596d325d72b6e06041"

angular-ui-bootstrap@^2.5.6:
  version "2.5.6"
  resolved "https://registry.yarnpkg.com/angular-ui-bootstrap/-/angular-ui-bootstrap-2.5.6.tgz#23937322ec641a6fbee16498cc32452aa199e7c5"

angular-ui-router@^0.4.3:
  version "0.4.3"
  resolved "https://registry.yarnpkg.com/angular-ui-router/-/angular-ui-router-0.4.3.tgz#6c29546fe50b8d2f74614dcb8660d6fc40d6e167"
  dependencies:
    angular "^1.0.8"

angular@^1.0.8, angular@^1.6.6:
  version "1.6.6"
  resolved "https://registry.yarnpkg.com/angular/-/angular-1.6.6.tgz#fd5a3cfb437ce382d854ee01120797978527cb64"

animate-sass@^0.6.6:
  version "0.6.6"
  resolved "https://registry.yarnpkg.com/animate-sass/-/animate-sass-0.6.6.tgz#8a490dbbca452c1de063c7f083f9ffcdab882f0e"

bootstrap-daterangepicker@^2.1.25:
  version "2.1.25"
  resolved "https://registry.yarnpkg.com/bootstrap-daterangepicker/-/bootstrap-daterangepicker-2.1.25.tgz#fcd8ba0b755a054d330d7a3b7c4dd8bb855cffb7"
  dependencies:
    jquery ">=1.10"
    moment "^2.9.0"

bootstrap@4.0.0-beta.2:
  version "4.0.0-beta.2"
  resolved "https://registry.yarnpkg.com/bootstrap/-/bootstrap-4.0.0-beta.2.tgz#4d67d2aa2219f062cd90bc1247e6747b9e8fd051"

braintree-web@^3.31.0:
  version "3.31.0"
  resolved "https://registry.yarnpkg.com/braintree-web/-/braintree-web-3.31.0.tgz#5b2dd06e217631f3317328f9b6d61a14a3378a25"
  dependencies:
    "@braintree/browser-detection" "1.7.0"
    "@braintree/iframer" "1.0.3"
    "@braintree/sanitize-url" "2.1.0"
    "@braintree/wrap-promise" "1.1.1"
    card-validator "4.3.0"
    credit-card-type "6.2.0"
    framebus "2.0.8"
    inject-stylesheet "1.0.0"
    promise-polyfill "7.0.2"
    restricted-input "1.2.7"

card-validator@4.3.0:
  version "4.3.0"
  resolved "https://registry.yarnpkg.com/card-validator/-/card-validator-4.3.0.tgz#c7099055ae572eb0dd5e35c6b88414cefcb95d23"
  dependencies:
    credit-card-type "^6.2.0"

cleave.js@^1.0.7:
  version "1.0.7"
  resolved "https://registry.yarnpkg.com/cleave.js/-/cleave.js-1.0.7.tgz#227ebc407d0b8fb3dcd2ce15d53876505a2b02cc"

cloudinary-core@^2.4.0:
  version "2.4.0"
  resolved "https://registry.yarnpkg.com/cloudinary-core/-/cloudinary-core-2.4.0.tgz#d58edf2349bbb0d3ea5834e597b0004a6f7b9775"
  dependencies:
    lodash ">=3.0"

cloudinary_ng@^1.1.1:
  version "1.1.1"
  resolved "https://registry.yarnpkg.com/cloudinary_ng/-/cloudinary_ng-1.1.1.tgz#fc96d553cd36d4a0c7f9ef391dfa4c8925356210"

credit-card-type@6.2.0, credit-card-type@^6.2.0:
  version "6.2.0"
  resolved "https://registry.yarnpkg.com/credit-card-type/-/credit-card-type-6.2.0.tgz#1b7cc4abb8860f089bdfe7b6ca5654327933a19e"

font-awesome@^4.7.0:
  version "4.7.0"
  resolved "https://registry.yarnpkg.com/font-awesome/-/font-awesome-4.7.0.tgz#8fa8cf0411a1a31afd07b06d2902bb9fc815a133"

framebus@2.0.8:
  version "2.0.8"
  resolved "https://registry.yarnpkg.com/framebus/-/framebus-2.0.8.tgz#01c7ee5f765beb3f9a2e0390ca0b7088b2bf76d3"

iban@^0.0.10:
  version "0.0.10"
  resolved "https://registry.yarnpkg.com/iban/-/iban-0.0.10.tgz#1a6aeb08e85cd98d5651c5e0c08c5c0de81ba78d"

inject-stylesheet@1.0.0:
  version "1.0.0"
  resolved "https://registry.yarnpkg.com/inject-stylesheet/-/inject-stylesheet-1.0.0.tgz#f673047458ee58f109fee4cfb66b09f362ccc261"

jquery.scrollto@^2.1.2:
  version "2.1.2"
  resolved "https://registry.yarnpkg.com/jquery.scrollto/-/jquery.scrollto-2.1.2.tgz#e7580d9c7ac46ef5bb25319483f6f45713fd7c6c"
  dependencies:
    jquery ">=1.8"

jquery@>=1.10, jquery@>=1.8, jquery@>=1.8.3, jquery@^3.2.1:
  version "3.2.1"
  resolved "https://registry.yarnpkg.com/jquery/-/jquery-3.2.1.tgz#5c4d9de652af6cd0a770154a631bba12b015c787"

lodash@>=3.0:
  version "4.17.4"
  resolved "https://registry.yarnpkg.com/lodash/-/lodash-4.17.4.tgz#78203a4d1c328ae1d86dca6460e369b57f4055ae"

moment-duration-format@^1.3.0:
  version "1.3.0"
  resolved "https://registry.yarnpkg.com/moment-duration-format/-/moment-duration-format-1.3.0.tgz#541771b5f87a049cc65540475d3ad966737d6908"

moment@^2.19.1, moment@^2.9.0:
  version "2.19.1"
  resolved "https://registry.yarnpkg.com/moment/-/moment-2.19.1.tgz#56da1a2d1cbf01d38b7e1afc31c10bcfa1929167"

ng-file-upload@^12.2.13:
  version "12.2.13"
  resolved "https://registry.yarnpkg.com/ng-file-upload/-/ng-file-upload-12.2.13.tgz#01800f3872e526f95310f8477e99e4f12d0d8d14"

owl.carousel@^2.2.0:
  version "2.2.0"
  resolved "https://registry.yarnpkg.com/owl.carousel/-/owl.carousel-2.2.0.tgz#f3598d01e60757bc107b2b3c61231b1140cf360c"
  dependencies:
    jquery ">=1.8.3"

popper.js@1.12.3:
  version "1.12.3"
  resolved "https://registry.yarnpkg.com/popper.js/-/popper.js-1.12.3.tgz#e46a99c52e74e310411df505d820b61bdbe7eaee"

promise-polyfill@7.0.2:
  version "7.0.2"
  resolved "https://registry.yarnpkg.com/promise-polyfill/-/promise-polyfill-7.0.2.tgz#9d54ffae166e2aea840ff5b8d8f5da9834331771"

restricted-input@1.2.7:
  version "1.2.7"
  resolved "https://registry.yarnpkg.com/restricted-input/-/restricted-input-1.2.7.tgz#e1298f5fd8c430cc2d8e6bb1175524023205cb34"
  dependencies:
    "@braintree/browser-detection" "^1.5.0"
